
Microsoft Visual Studio Solution File, Format Version 12.00
# Visual Studio Version 17
VisualStudioVersion = 17.7.34031.279
MinimumVisualStudioVersion = 10.0.40219.1
Project("{9A19103F-16F7-4668-BE54-9A1E7A4F7556}") = "User.Management.API", "User.Management.API\User.Management.API.csproj", "{BEFAE54A-18DB-46F5-97A4-80C90EA9684F}"
EndProject
Project("{FAE04EC0-301F-11D3-BF4B-00C04F79EFBC}") = "User.Management.Service", "User.Management.Service\User.Management.Service.csproj", "{2E7B9D8A-610B-40B3-AC93-D18744EE4661}"
EndProject
Global
	GlobalSection(SolutionConfigurationPlatforms) = preSolution
		Debug|Any CPU = Debug|Any CPU
		Release|Any CPU = Release|Any CPU
	EndGlobalSection
	GlobalSection(ProjectConfigurationPlatforms) = postSolution
		{BEFAE54A-18DB-46F5-97A4-80C90EA9684F}.Debug|Any CPU.ActiveCfg = Debug|Any CPU
		{BEFAE54A-18DB-46F5-97A4-80C90EA9684F}.Debug|Any CPU.Build.0 = Debug|Any CPU
		{BEFAE54A-18DB-46F5-97A4-80C90EA9684F}.Release|Any CPU.ActiveCfg = Release|Any CPU
		{BEFAE54A-18DB-46F5-97A4-80C90EA9684F}.Release|Any CPU.Build.0 = Release|Any CPU
		{2E7B9D8A-610B-40B3-AC93-D18744EE4661}.Debug|Any CPU.ActiveCfg = Debug|Any CPU
		{2E7B9D8A-610B-40B3-AC93-D18744EE4661}.Debug|Any CPU.Build.0 = Debug|Any CPU
		{2E7B9D8A-610B-40B3-AC93-D18744EE4661}.Release|Any CPU.ActiveCfg = Release|Any CPU
		{2E7B9D8A-610B-40B3-AC93-D18744EE4661}.Release|Any CPU.Build.0 = Release|Any CPU
	EndGlobalSection
	GlobalSection(SolutionProperties) = preSolution
		HideSolutionNode = FALSE
	EndGlobalSection
	GlobalSection(ExtensibilityGlobals) = postSolution
		SolutionGuid = {D9EA2532-3154-4B1F-9CB8-D0EC287404AA}
	EndGlobalSection
EndGlobal
